
Microsoft Visual Studio Solution File, Format Version 12.00
# Visual Studio Version 17
VisualStudioVersion = 17.4.33205.214
MinimumVisualStudioVersion = 10.0.40219.1
Project("{FAE04EC0-301F-11D3-BF4B-00C04F79EFBC}") = "Collections", "Collections.csproj", "{9D5C0D3C-5BF3-43F1-AB1D-C83C2F1CC36F}"
EndProject
Global
	GlobalSection(SolutionConfigurationPlatforms) = preSolution
		Debug|Any CPU = Debug|Any CPU
		Release|Any CPU = Release|Any CPU
	EndGlobalSection
	GlobalSection(ProjectConfigurationPlatforms) = postSolution
		{9D5C0D3C-5BF3-43F1-AB1D-C83C2F1CC36F}.Debug|Any CPU.ActiveCfg = Debug|Any CPU
		{9D5C0D3C-5BF3-43F1-AB1D-C83C2F1CC36F}.Debug|Any CPU.Build.0 = Debug|Any CPU
		{9D5C0D3C-5BF3-43F1-AB1D-C83C2F1CC36F}.Release|Any CPU.ActiveCfg = Release|Any CPU
		{9D5C0D3C-5BF3-43F1-AB1D-C83C2F1CC36F}.Release|Any CPU.Build.0 = Release|Any CPU
	EndGlobalSection
	GlobalSection(SolutionProperties) = preSolution
		HideSolutionNode = FALSE
	EndGlobalSection
	GlobalSection(ExtensibilityGlobals) = postSolution
		SolutionGuid = {31D43ED1-B759-4CC6-AB4C-AF8BD43B4CA8}
	EndGlobalSection
EndGlobal
